
Microsoft Visual Studio Solution File, Format Version 12.00
# Visual Studio Version 17
VisualStudioVersion = 17.14.36414.22
MinimumVisualStudioVersion = 10.0.40219.1
Project("{2150E333-8FDC-42A3-9474-1A3956D46DE8}") = "Task0", "Task0", "{02EA681E-C7D8-13C7-8484-4AC65E1B71E8}"
EndProject
Project("{FAE04EC0-301F-11D3-BF4B-00C04F79EFBC}") = "Tyuiu.DyuvenzhiMI.Sprint6.Task0.V6.Test", "Tyuiu.DyuvenzhiMI.Sprint6.Task0.V6.Test\Tyuiu.DyuvenzhiMI.Sprint6.Task0.V6.Test.csproj", "{C2C2790C-2A8B-42A7-B941-4233DA8D287D}"
EndProject
Project("{FAE04EC0-301F-11D3-BF4B-00C04F79EFBC}") = "Tyuiu.DyuvenzhiMI.Sprint6.Task0.V6.Lib", "Tyuiu.DyuvenzhiMI.Sprint6.Task0.V6.Lib\Tyuiu.DyuvenzhiMI.Sprint6.Task0.V6.Lib.csproj", "{A7DCD58A-C035-4D3C-917F-B8A86CD9235F}"
EndProject
Project("{FAE04EC0-301F-11D3-BF4B-00C04F79EFBC}") = "Tyuiu.DyuvenzhiMI.Sprint6.Task0.V6", "Tyuiu.DyuvenzhiMI.Sprint6.Task0.V6\Tyuiu.DyuvenzhiMI.Sprint6.Task0.V6.csproj", "{B65F3C7E-9917-4CDD-A01D-7F772F230FB5}"
EndProject
Project("{2150E333-8FDC-42A3-9474-1A3956D46DE8}") = "Task1", "Task1", "{36453F47-D1AA-433E-B977-403EB71195AE}"
EndProject
Project("{FAE04EC0-301F-11D3-BF4B-00C04F79EFBC}") = "Tyuiu.DyuvenzhiMI.Sprint6.Task1.V14.Test", "Tyuiu.DyuvenzhiMI.Sprint6.Task1.V14.Test\Tyuiu.DyuvenzhiMI.Sprint6.Task1.V14.Test.csproj", "{BAF16EF6-14D2-42BD-BD92-797A7B5F4CFA}"
EndProject
Project("{FAE04EC0-301F-11D3-BF4B-00C04F79EFBC}") = "Tyuiu.DyuvenzhiMI.Sprint6.Task1.V14", "Tyuiu.DyuvenzhiMI.Sprint6.Task1.V14\Tyuiu.DyuvenzhiMI.Sprint6.Task1.V14.csproj", "{DF22E730-1E6B-40A0-9027-128056929152}"
EndProject
Project("{FAE04EC0-301F-11D3-BF4B-00C04F79EFBC}") = "Tyuiu.DyuvenzhiMI.Sprint6.Task1.V14.Lib", "Tyuiu.DyuvenzhiMI.Sprint6.Task1.V14.Lib\Tyuiu.DyuvenzhiMI.Sprint6.Task1.V14.Lib.csproj", "{9CA34A25-85A5-4024-81FF-73C7867EDE8E}"
EndProject
Project("{2150E333-8FDC-42A3-9474-1A3956D46DE8}") = "Task2", "Task2", "{3DA4C2A8-F42A-48BB-9302-1AAAA18B1AE7}"
EndProject
Project("{FAE04EC0-301F-11D3-BF4B-00C04F79EFBC}") = "Tyuiu.DyuvenzhiMI.Sprint6.Task2.V11.Test", "Tyuiu.DyuvenzhiMI.Sprint6.Task2.V11.Test\Tyuiu.DyuvenzhiMI.Sprint6.Task2.V11.Test.csproj", "{FCDBFC4C-105A-4417-A33A-82226237E0D0}"
EndProject
Project("{FAE04EC0-301F-11D3-BF4B-00C04F79EFBC}") = "Tyuiu.DyuvenzhiMI.Sprint6.Task2.V11.Lib", "Tyuiu.DyuvenzhiMI.Sprint6.Task2.V11.Lib\Tyuiu.DyuvenzhiMI.Sprint6.Task2.V11.Lib.csproj", "{74970AF8-D7A1-4C95-895F-8DB040334C79}"
EndProject
Project("{FAE04EC0-301F-11D3-BF4B-00C04F79EFBC}") = "Tyuiu.DyuvenzhiMI.Sprint6.Task2.V11", "Tyuiu.DyuvenzhiMI.Sprint6.Task2.V11\Tyuiu.DyuvenzhiMI.Sprint6.Task2.V11.csproj", "{188509BB-F899-4867-8D97-23B7C43E778D}"
EndProject
Project("{2150E333-8FDC-42A3-9474-1A3956D46DE8}") = "Task3", "Task3", "{072DD35D-33F5-454E-A909-6A364CB88C26}"
EndProject
Project("{FAE04EC0-301F-11D3-BF4B-00C04F79EFBC}") = "Tyuiu.DyuvenzhiMI.Sprint6.Task3.V24.Lib", "Tyuiu.DyuvenzhiMI.Sprint6.Task3.V24.Lib\Tyuiu.DyuvenzhiMI.Sprint6.Task3.V24.Lib.csproj", "{76467CE9-DC15-4D7C-9D0C-F4FAAC2BCA62}"
EndProject
Project("{FAE04EC0-301F-11D3-BF4B-00C04F79EFBC}") = "Tyuiu.DyuvenzhiMI.Sprint6.Task3.V24.Test", "Tyuiu.DyuvenzhiMI.Sprint6.Task3.V24.Test\Tyuiu.DyuvenzhiMI.Sprint6.Task3.V24.Test.csproj", "{ECF331DB-8B57-41E1-91E1-9CE628715100}"
EndProject
Project("{FAE04EC0-301F-11D3-BF4B-00C04F79EFBC}") = "Tyuiu.DyuvenzhiMI.Sprint6.Task3.V24", "Tyuiu.DyuvenzhiMI.Sprint6.Task3.V24\Tyuiu.DyuvenzhiMI.Sprint6.Task3.V24.csproj", "{41ADF8D2-FC3D-4ED6-A2B7-9B332C3147DD}"
EndProject
Project("{2150E333-8FDC-42A3-9474-1A3956D46DE8}") = "Task4", "Task4", "{C3698D1B-323D-4395-89DF-6480AF5DB9A6}"
EndProject
Project("{FAE04EC0-301F-11D3-BF4B-00C04F79EFBC}") = "Tyuiu.DyuvenzhiMI.Sprint6.Task4.V17.Lib", "Tyuiu.DyuvenzhiMI.Sprint6.Task4.V17.Lib\Tyuiu.DyuvenzhiMI.Sprint6.Task4.V17.Lib.csproj", "{FBE84660-0809-4EF1-A91B-7587B6BD6B54}"
EndProject
Project("{FAE04EC0-301F-11D3-BF4B-00C04F79EFBC}") = "Tyuiu.DyuvenzhiMI.Sprint6.Task4.V17.Test", "Tyuiu.DyuvenzhiMI.Sprint6.Task4.V17.Test\Tyuiu.DyuvenzhiMI.Sprint6.Task4.V17.Test.csproj", "{45A926E3-1314-4394-A713-338B331A15DF}"
EndProject
Project("{FAE04EC0-301F-11D3-BF4B-00C04F79EFBC}") = "Tyuiu.DyuvenzhiMI.Sprint6.Task4.V17", "Tyuiu.DyuvenzhiMI.Sprint6.Task4.V17\Tyuiu.DyuvenzhiMI.Sprint6.Task4.V17.csproj", "{21E6D7B1-29B8-4567-A0E7-3734D594298C}"
EndProject
Project("{2150E333-8FDC-42A3-9474-1A3956D46DE8}") = "Task5", "Task5", "{6AF2FBF6-E38A-4CD5-AD45-702E7288C60E}"
EndProject
Project("{FAE04EC0-301F-11D3-BF4B-00C04F79EFBC}") = "Tyuiu.DyuvenzhiMI.Sprint6.Task5.V12.Lib", "Tyuiu.DyuvenzhiMI.Sprint6.Task5.V12.Lib\Tyuiu.DyuvenzhiMI.Sprint6.Task5.V12.Lib.csproj", "{7FA8D3BA-2956-4FEC-8B1F-97AF9B5DBB8C}"
EndProject
Project("{FAE04EC0-301F-11D3-BF4B-00C04F79EFBC}") = "Tyuiu.DyuvenzhiMI.Sprint6.Task5.V12", "Tyuiu.DyuvenzhiMI.Sprint6.Task5.V12\Tyuiu.DyuvenzhiMI.Sprint6.Task5.V12.csproj", "{4B3FFCFD-B915-4C29-B9D7-D30639D8FB4B}"
EndProject
Project("{FAE04EC0-301F-11D3-BF4B-00C04F79EFBC}") = "Tyuiu.DyuvenzhiMI.Sprint6.Task5.V12.Test", "Tyuiu.DyuvenzhiMI.Sprint6.Task5.V12.Test\Tyuiu.DyuvenzhiMI.Sprint6.Task5.V12.Test.csproj", "{86B299B3-5826-4A9C-B67A-9BD5E357D3A1}"
EndProject
Global
	GlobalSection(SolutionConfigurationPlatforms) = preSolution
		Debug|Any CPU = Debug|Any CPU
		Release|Any CPU = Release|Any CPU
	EndGlobalSection
	GlobalSection(ProjectConfigurationPlatforms) = postSolution
		{C2C2790C-2A8B-42A7-B941-4233DA8D287D}.Debug|Any CPU.ActiveCfg = Debug|Any CPU
		{C2C2790C-2A8B-42A7-B941-4233DA8D287D}.Debug|Any CPU.Build.0 = Debug|Any CPU
		{C2C2790C-2A8B-42A7-B941-4233DA8D287D}.Release|Any CPU.ActiveCfg = Release|Any CPU
		{C2C2790C-2A8B-42A7-B941-4233DA8D287D}.Release|Any CPU.Build.0 = Release|Any CPU
		{A7DCD58A-C035-4D3C-917F-B8A86CD9235F}.Debug|Any CPU.ActiveCfg = Debug|Any CPU
		{A7DCD58A-C035-4D3C-917F-B8A86CD9235F}.Debug|Any CPU.Build.0 = Debug|Any CPU
		{A7DCD58A-C035-4D3C-917F-B8A86CD9235F}.Release|Any CPU.ActiveCfg = Release|Any CPU
		{A7DCD58A-C035-4D3C-917F-B8A86CD9235F}.Release|Any CPU.Build.0 = Release|Any CPU
		{B65F3C7E-9917-4CDD-A01D-7F772F230FB5}.Debug|Any CPU.ActiveCfg = Debug|Any CPU
		{B65F3C7E-9917-4CDD-A01D-7F772F230FB5}.Debug|Any CPU.Build.0 = Debug|Any CPU
		{B65F3C7E-9917-4CDD-A01D-7F772F230FB5}.Release|Any CPU.ActiveCfg = Release|Any CPU
		{B65F3C7E-9917-4CDD-A01D-7F772F230FB5}.Release|Any CPU.Build.0 = Release|Any CPU
		{BAF16EF6-14D2-42BD-BD92-797A7B5F4CFA}.Debug|Any CPU.ActiveCfg = Debug|Any CPU
		{BAF16EF6-14D2-42BD-BD92-797A7B5F4CFA}.Debug|Any CPU.Build.0 = Debug|Any CPU
		{BAF16EF6-14D2-42BD-BD92-797A7B5F4CFA}.Release|Any CPU.ActiveCfg = Release|Any CPU
		{BAF16EF6-14D2-42BD-BD92-797A7B5F4CFA}.Release|Any CPU.Build.0 = Release|Any CPU
		{DF22E730-1E6B-40A0-9027-128056929152}.Debug|Any CPU.ActiveCfg = Debug|Any CPU
		{DF22E730-1E6B-40A0-9027-128056929152}.Debug|Any CPU.Build.0 = Debug|Any CPU
		{DF22E730-1E6B-40A0-9027-128056929152}.Release|Any CPU.ActiveCfg = Release|Any CPU
		{DF22E730-1E6B-40A0-9027-128056929152}.Release|Any CPU.Build.0 = Release|Any CPU
		{9CA34A25-85A5-4024-81FF-73C7867EDE8E}.Debug|Any CPU.ActiveCfg = Debug|Any CPU
		{9CA34A25-85A5-4024-81FF-73C7867EDE8E}.Debug|Any CPU.Build.0 = Debug|Any CPU
		{9CA34A25-85A5-4024-81FF-73C7867EDE8E}.Release|Any CPU.ActiveCfg = Release|Any CPU
		{9CA34A25-85A5-4024-81FF-73C7867EDE8E}.Release|Any CPU.Build.0 = Release|Any CPU
		{FCDBFC4C-105A-4417-A33A-82226237E0D0}.Debug|Any CPU.ActiveCfg = Debug|Any CPU
		{FCDBFC4C-105A-4417-A33A-82226237E0D0}.Debug|Any CPU.Build.0 = Debug|Any CPU
		{FCDBFC4C-105A-4417-A33A-82226237E0D0}.Release|Any CPU.ActiveCfg = Release|Any CPU
		{FCDBFC4C-105A-4417-A33A-82226237E0D0}.Release|Any CPU.Build.0 = Release|Any CPU
		{74970AF8-D7A1-4C95-895F-8DB040334C79}.Debug|Any CPU.ActiveCfg = Debug|Any CPU
		{74970AF8-D7A1-4C95-895F-8DB040334C79}.Debug|Any CPU.Build.0 = Debug|Any CPU
		{74970AF8-D7A1-4C95-895F-8DB040334C79}.Release|Any CPU.ActiveCfg = Release|Any CPU
		{74970AF8-D7A1-4C95-895F-8DB040334C79}.Release|Any CPU.Build.0 = Release|Any CPU
		{188509BB-F899-4867-8D97-23B7C43E778D}.Debug|Any CPU.ActiveCfg = Debug|Any CPU
		{188509BB-F899-4867-8D97-23B7C43E778D}.Debug|Any CPU.Build.0 = Debug|Any CPU
		{188509BB-F899-4867-8D97-23B7C43E778D}.Release|Any CPU.ActiveCfg = Release|Any CPU
		{188509BB-F899-4867-8D97-23B7C43E778D}.Release|Any CPU.Build.0 = Release|Any CPU
		{76467CE9-DC15-4D7C-9D0C-F4FAAC2BCA62}.Debug|Any CPU.ActiveCfg = Debug|Any CPU
		{76467CE9-DC15-4D7C-9D0C-F4FAAC2BCA62}.Debug|Any CPU.Build.0 = Debug|Any CPU
		{76467CE9-DC15-4D7C-9D0C-F4FAAC2BCA62}.Release|Any CPU.ActiveCfg = Release|Any CPU
		{76467CE9-DC15-4D7C-9D0C-F4FAAC2BCA62}.Release|Any CPU.Build.0 = Release|Any CPU
		{ECF331DB-8B57-41E1-91E1-9CE628715100}.Debug|Any CPU.ActiveCfg = Debug|Any CPU
		{ECF331DB-8B57-41E1-91E1-9CE628715100}.Debug|Any CPU.Build.0 = Debug|Any CPU
		{ECF331DB-8B57-41E1-91E1-9CE628715100}.Release|Any CPU.ActiveCfg = Release|Any CPU
		{ECF331DB-8B57-41E1-91E1-9CE628715100}.Release|Any CPU.Build.0 = Release|Any CPU
		{41ADF8D2-FC3D-4ED6-A2B7-9B332C3147DD}.Debug|Any CPU.ActiveCfg = Debug|Any CPU
		{41ADF8D2-FC3D-4ED6-A2B7-9B332C3147DD}.Debug|Any CPU.Build.0 = Debug|Any CPU
		{41ADF8D2-FC3D-4ED6-A2B7-9B332C3147DD}.Release|Any CPU.ActiveCfg = Release|Any CPU
		{41ADF8D2-FC3D-4ED6-A2B7-9B332C3147DD}.Release|Any CPU.Build.0 = Release|Any CPU
		{FBE84660-0809-4EF1-A91B-7587B6BD6B54}.Debug|Any CPU.ActiveCfg = Debug|Any CPU
		{FBE84660-0809-4EF1-A91B-7587B6BD6B54}.Debug|Any CPU.Build.0 = Debug|Any CPU
		{FBE84660-0809-4EF1-A91B-7587B6BD6B54}.Release|Any CPU.ActiveCfg = Release|Any CPU
		{FBE84660-0809-4EF1-A91B-7587B6BD6B54}.Release|Any CPU.Build.0 = Release|Any CPU
		{45A926E3-1314-4394-A713-338B331A15DF}.Debug|Any CPU.ActiveCfg = Debug|Any CPU
		{45A926E3-1314-4394-A713-338B331A15DF}.Debug|Any CPU.Build.0 = Debug|Any CPU
		{45A926E3-1314-4394-A713-338B331A15DF}.Release|Any CPU.ActiveCfg = Release|Any CPU
		{45A926E3-1314-4394-A713-338B331A15DF}.Release|Any CPU.Build.0 = Release|Any CPU
		{21E6D7B1-29B8-4567-A0E7-3734D594298C}.Debug|Any CPU.ActiveCfg = Debug|Any CPU
		{21E6D7B1-29B8-4567-A0E7-3734D594298C}.Debug|Any CPU.Build.0 = Debug|Any CPU
		{21E6D7B1-29B8-4567-A0E7-3734D594298C}.Release|Any CPU.ActiveCfg = Release|Any CPU
		{21E6D7B1-29B8-4567-A0E7-3734D594298C}.Release|Any CPU.Build.0 = Release|Any CPU
		{7FA8D3BA-2956-4FEC-8B1F-97AF9B5DBB8C}.Debug|Any CPU.ActiveCfg = Debug|Any CPU
		{7FA8D3BA-2956-4FEC-8B1F-97AF9B5DBB8C}.Debug|Any CPU.Build.0 = Debug|Any CPU
		{7FA8D3BA-2956-4FEC-8B1F-97AF9B5DBB8C}.Release|Any CPU.ActiveCfg = Release|Any CPU
		{7FA8D3BA-2956-4FEC-8B1F-97AF9B5DBB8C}.Release|Any CPU.Build.0 = Release|Any CPU
		{4B3FFCFD-B915-4C29-B9D7-D30639D8FB4B}.Debug|Any CPU.ActiveCfg = Debug|Any CPU
		{4B3FFCFD-B915-4C29-B9D7-D30639D8FB4B}.Debug|Any CPU.Build.0 = Debug|Any CPU
		{4B3FFCFD-B915-4C29-B9D7-D30639D8FB4B}.Release|Any CPU.ActiveCfg = Release|Any CPU
		{4B3FFCFD-B915-4C29-B9D7-D30639D8FB4B}.Release|Any CPU.Build.0 = Release|Any CPU
		{86B299B3-5826-4A9C-B67A-9BD5E357D3A1}.Debug|Any CPU.ActiveCfg = Debug|Any CPU
		{86B299B3-5826-4A9C-B67A-9BD5E357D3A1}.Debug|Any CPU.Build.0 = Debug|Any CPU
		{86B299B3-5826-4A9C-B67A-9BD5E357D3A1}.Release|Any CPU.ActiveCfg = Release|Any CPU
		{86B299B3-5826-4A9C-B67A-9BD5E357D3A1}.Release|Any CPU.Build.0 = Release|Any CPU
	EndGlobalSection
	GlobalSection(SolutionProperties) = preSolution
		HideSolutionNode = FALSE
	EndGlobalSection
	GlobalSection(NestedProjects) = preSolution
		{C2C2790C-2A8B-42A7-B941-4233DA8D287D} = {02EA681E-C7D8-13C7-8484-4AC65E1B71E8}
		{A7DCD58A-C035-4D3C-917F-B8A86CD9235F} = {02EA681E-C7D8-13C7-8484-4AC65E1B71E8}
		{B65F3C7E-9917-4CDD-A01D-7F772F230FB5} = {02EA681E-C7D8-13C7-8484-4AC65E1B71E8}
		{BAF16EF6-14D2-42BD-BD92-797A7B5F4CFA} = {36453F47-D1AA-433E-B977-403EB71195AE}
		{DF22E730-1E6B-40A0-9027-128056929152} = {36453F47-D1AA-433E-B977-403EB71195AE}
		{9CA34A25-85A5-4024-81FF-73C7867EDE8E} = {36453F47-D1AA-433E-B977-403EB71195AE}
		{FCDBFC4C-105A-4417-A33A-82226237E0D0} = {3DA4C2A8-F42A-48BB-9302-1AAAA18B1AE7}
		{74970AF8-D7A1-4C95-895F-8DB040334C79} = {3DA4C2A8-F42A-48BB-9302-1AAAA18B1AE7}
		{188509BB-F899-4867-8D97-23B7C43E778D} = {3DA4C2A8-F42A-48BB-9302-1AAAA18B1AE7}
		{76467CE9-DC15-4D7C-9D0C-F4FAAC2BCA62} = {072DD35D-33F5-454E-A909-6A364CB88C26}
		{ECF331DB-8B57-41E1-91E1-9CE628715100} = {072DD35D-33F5-454E-A909-6A364CB88C26}
		{41ADF8D2-FC3D-4ED6-A2B7-9B332C3147DD} = {072DD35D-33F5-454E-A909-6A364CB88C26}
		{FBE84660-0809-4EF1-A91B-7587B6BD6B54} = {C3698D1B-323D-4395-89DF-6480AF5DB9A6}
		{45A926E3-1314-4394-A713-338B331A15DF} = {C3698D1B-323D-4395-89DF-6480AF5DB9A6}
		{21E6D7B1-29B8-4567-A0E7-3734D594298C} = {C3698D1B-323D-4395-89DF-6480AF5DB9A6}
		{7FA8D3BA-2956-4FEC-8B1F-97AF9B5DBB8C} = {6AF2FBF6-E38A-4CD5-AD45-702E7288C60E}
		{4B3FFCFD-B915-4C29-B9D7-D30639D8FB4B} = {6AF2FBF6-E38A-4CD5-AD45-702E7288C60E}
		{86B299B3-5826-4A9C-B67A-9BD5E357D3A1} = {6AF2FBF6-E38A-4CD5-AD45-702E7288C60E}
	EndGlobalSection
	GlobalSection(ExtensibilityGlobals) = postSolution
		SolutionGuid = {ABE15620-679F-474E-8593-4DAE3DCC9A9E}
	EndGlobalSection
EndGlobal
